
Microsoft Visual Studio Solution File, Format Version 12.00
# Visual Studio 15
Project("{FAE04EC0-301F-11D3-BF4B-00C04F79EFBC}") = "para futbolu-çalışma", "para futbolu-çalışma.csproj", "{9BEF87E2-D378-5079-A33D-95C4DD326CEF}"
EndProject
Global
	GlobalSection(SolutionConfigurationPlatforms) = preSolution
		Debug|Any CPU = Debug|Any CPU
		Release|Any CPU = Release|Any CPU
	EndGlobalSection
	GlobalSection(ProjectConfigurationPlatforms) = postSolution
		{9BEF87E2-D378-5079-A33D-95C4DD326CEF}.Debug|Any CPU.ActiveCfg = Debug|Any CPU
		{9BEF87E2-D378-5079-A33D-95C4DD326CEF}.Debug|Any CPU.Build.0 = Debug|Any CPU
		{9BEF87E2-D378-5079-A33D-95C4DD326CEF}.Release|Any CPU.ActiveCfg = Release|Any CPU
		{9BEF87E2-D378-5079-A33D-95C4DD326CEF}.Release|Any CPU.Build.0 = Release|Any CPU
	EndGlobalSection
	GlobalSection(SolutionProperties) = preSolution
		HideSolutionNode = FALSE
	EndGlobalSection
EndGlobal
